
Microsoft Visual Studio Solution File, Format Version 12.00
# Visual Studio Version 16
VisualStudioVersion = 16.0.30104.148
MinimumVisualStudioVersion = 10.0.40219.1
Project("{FAE04EC0-301F-11D3-BF4B-00C04F79EFBC}") = "MovieTutorial", "MovieTutorial.csproj", "{F69035FE-2D33-4A3A-B394-76E16681EAB4}"
EndProject
Global
	GlobalSection(SolutionConfigurationPlatforms) = preSolution
		Debug|Any CPU = Debug|Any CPU
		Release|Any CPU = Release|Any CPU
	EndGlobalSection
	GlobalSection(ProjectConfigurationPlatforms) = postSolution
		{F69035FE-2D33-4A3A-B394-76E16681EAB4}.Debug|Any CPU.ActiveCfg = Debug|Any CPU
		{F69035FE-2D33-4A3A-B394-76E16681EAB4}.Debug|Any CPU.Build.0 = Debug|Any CPU
		{F69035FE-2D33-4A3A-B394-76E16681EAB4}.Release|Any CPU.ActiveCfg = Release|Any CPU
		{F69035FE-2D33-4A3A-B394-76E16681EAB4}.Release|Any CPU.Build.0 = Release|Any CPU
	EndGlobalSection
	GlobalSection(SolutionProperties) = preSolution
		HideSolutionNode = FALSE
	EndGlobalSection
	GlobalSection(ExtensibilityGlobals) = postSolution
		SolutionGuid = {EE95FC8D-B14B-4AD3-BEC7-569F10630B36}
	EndGlobalSection
EndGlobal
